// !$*UTF8*$!
{
	archiveVersion = 1;
	classes = {
	};
	objectVersion = 48;
	objects = {

/* Begin PBXBuildFile section */
		160CDF771FE3DCF30085C334 /* FurikaeruViewController.swift in Sources */ = {isa = PBXBuildFile; fileRef = 160CDF761FE3DCF30085C334 /* FurikaeruViewController.swift */; };
		165E693E2012013C00ACF729 /* Diary.swift in Sources */ = {isa = PBXBuildFile; fileRef = 165E693D2012013C00ACF729 /* Diary.swift */; };
		16D2818B1FB5AF94005021F1 /* AppDelegate.swift in Sources */ = {isa = PBXBuildFile; fileRef = 16D2818A1FB5AF94005021F1 /* AppDelegate.swift */; };
		16D2818D1FB5AF94005021F1 /* ViewController.swift in Sources */ = {isa = PBXBuildFile; fileRef = 16D2818C1FB5AF94005021F1 /* ViewController.swift */; };
		16D281901FB5AF94005021F1 /* Main.storyboard in Resources */ = {isa = PBXBuildFile; fileRef = 16D2818E1FB5AF94005021F1 /* Main.storyboard */; };
		16D281921FB5AF94005021F1 /* Assets.xcassets in Resources */ = {isa = PBXBuildFile; fileRef = 16D281911FB5AF94005021F1 /* Assets.xcassets */; };
		16D281951FB5AF94005021F1 /* LaunchScreen.storyboard in Resources */ = {isa = PBXBuildFile; fileRef = 16D281931FB5AF94005021F1 /* LaunchScreen.storyboard */; };
		16D281A01FB5AF94005021F1 /* positiveTests.swift in Sources */ = {isa = PBXBuildFile; fileRef = 16D2819F1FB5AF94005021F1 /* positiveTests.swift */; };
		16D281AB1FB5AF94005021F1 /* positiveUITests.swift in Sources */ = {isa = PBXBuildFile; fileRef = 16D281AA1FB5AF94005021F1 /* positiveUITests.swift */; };
		16D281B91FB5C12D005021F1 /* KakitomeruViewController.swift in Sources */ = {isa = PBXBuildFile; fileRef = 16D281B81FB5C12D005021F1 /* KakitomeruViewController.swift */; };
		96DA7891BE328C4C7E364B59 /* Pods_positive.framework in Frameworks */ = {isa = PBXBuildFile; fileRef = 3566D4AD21171DA2E269E3ED /* Pods_positive.framework */; };
/* End PBXBuildFile section */

/* Begin PBXContainerItemProxy section */
		16D2819C1FB5AF94005021F1 /* PBXContainerItemProxy */ = {
			isa = PBXContainerItemProxy;
			containerPortal = 16D2817F1FB5AF94005021F1 /* Project object */;
			proxyType = 1;
			remoteGlobalIDString = 16D281861FB5AF94005021F1;
			remoteInfo = positive;
		};
		16D281A71FB5AF94005021F1 /* PBXContainerItemProxy */ = {
			isa = PBXContainerItemProxy;
			containerPortal = 16D2817F1FB5AF94005021F1 /* Project object */;
			proxyType = 1;
			remoteGlobalIDString = 16D281861FB5AF94005021F1;
			remoteInfo = positive;
		};
/* End PBXContainerItemProxy section */

/* Begin PBXFileReference section */
		160CDF761FE3DCF30085C334 /* FurikaeruViewController.swift */ = {isa = PBXFileReference; lastKnownFileType = sourcecode.swift; name = FurikaeruViewController.swift; path = "/Users/milou18/Desktop/Life is Tech!/positive/positive/FurikaeruViewController.swift"; sourceTree = "<absolute>"; };
		165E693D2012013C00ACF729 /* Diary.swift */ = {isa = PBXFileReference; lastKnownFileType = sourcecode.swift; path = Diary.swift; sourceTree = "<group>"; };
		16D281871FB5AF94005021F1 /* positive.app */ = {isa = PBXFileReference; explicitFileType = wrapper.application; includeInIndex = 0; path = positive.app; sourceTree = BUILT_PRODUCTS_DIR; };
		16D2818A1FB5AF94005021F1 /* AppDelegate.swift */ = {isa = PBXFileReference; lastKnownFileType = sourcecode.swift; path = AppDelegate.swift; sourceTree = "<group>"; };
		16D2818C1FB5AF94005021F1 /* ViewController.swift */ = {isa = PBXFileReference; lastKnownFileType = sourcecode.swift; path = ViewController.swift; sourceTree = "<group>"; };
		16D2818F1FB5AF94005021F1 /* Base */ = {isa = PBXFileReference; lastKnownFileType = file.storyboard; name = Base; path = Base.lproj/Main.storyboard; sourceTree = "<group>"; };
		16D281911FB5AF94005021F1 /* Assets.xcassets */ = {isa = PBXFileReference; lastKnownFileType = folder.assetcatalog; path = Assets.xcassets; sourceTree = "<group>"; };
		16D281941FB5AF94005021F1 /* Base */ = {isa = PBXFileReference; lastKnownFileType = file.storyboard; name = Base; path = Base.lproj/LaunchScreen.storyboard; sourceTree = "<group>"; };
		16D281961FB5AF94005021F1 /* Info.plist */ = {isa = PBXFileReference; lastKnownFileType = text.plist.xml; path = Info.plist; sourceTree = "<group>"; };
		16D2819B1FB5AF94005021F1 /* positiveTests.xctest */ = {isa = PBXFileReference; explicitFileType = wrapper.cfbundle; includeInIndex = 0; path = positiveTests.xctest; sourceTree = BUILT_PRODUCTS_DIR; };
		16D2819F1FB5AF94005021F1 /* positiveTests.swift */ = {isa = PBXFileReference; lastKnownFileType = sourcecode.swift; path = positiveTests.swift; sourceTree = "<group>"; };
		16D281A11FB5AF94005021F1 /* Info.plist */ = {isa = PBXFileReference; lastKnownFileType = text.plist.xml; path = Info.plist; sourceTree = "<group>"; };
		16D281A61FB5AF94005021F1 /* positiveUITests.xctest */ = {isa = PBXFileReference; explicitFileType = wrapper.cfbundle; includeInIndex = 0; path = positiveUITests.xctest; sourceTree = BUILT_PRODUCTS_DIR; };
		16D281AA1FB5AF94005021F1 /* positiveUITests.swift */ = {isa = PBXFileReference; lastKnownFileType = sourcecode.swift; path = positiveUITests.swift; sourceTree = "<group>"; };
		16D281AC1FB5AF94005021F1 /* Info.plist */ = {isa = PBXFileReference; lastKnownFileType = text.plist.xml; path = Info.plist; sourceTree = "<group>"; };
		16D281B81FB5C12D005021F1 /* KakitomeruViewController.swift */ = {isa = PBXFileReference; lastKnownFileType = sourcecode.swift; path = KakitomeruViewController.swift; sourceTree = "<group>"; };
		3566D4AD21171DA2E269E3ED /* Pods_positive.framework */ = {isa = PBXFileReference; explicitFileType = wrapper.framework; includeInIndex = 0; path = Pods_positive.framework; sourceTree = BUILT_PRODUCTS_DIR; };
		5E51FA2230E7AB5FF62D720B /* Pods-positive.release.xcconfig */ = {isa = PBXFileReference; includeInIndex = 1; lastKnownFileType = text.xcconfig; name = "Pods-positive.release.xcconfig"; path = "Pods/Target Support Files/Pods-positive/Pods-positive.release.xcconfig"; sourceTree = "<group>"; };
		914D53B152FF1834A3F291F4 /* Pods_positiveUITests.framework */ = {isa = PBXFileReference; explicitFileType = wrapper.framework; includeInIndex = 0; path = Pods_positiveUITests.framework; sourceTree = BUILT_PRODUCTS_DIR; };
		A4BA7B9A111DABCD66BBE46E /* Pods-positive.debug.xcconfig */ = {isa = PBXFileReference; includeInIndex = 1; lastKnownFileType = text.xcconfig; name = "Pods-positive.debug.xcconfig"; path = "Pods/Target Support Files/Pods-positive/Pods-positive.debug.xcconfig"; sourceTree = "<group>"; };
		FD53B73BE2FEDB4B23B93E7E /* Pods_positiveTests.framework */ = {isa = PBXFileReference; explicitFileType = wrapper.framework; includeInIndex = 0; path = Pods_positiveTests.framework; sourceTree = BUILT_PRODUCTS_DIR; };
/* End PBXFileReference section */

/* Begin PBXFrameworksBuildPhase section */
		16D281841FB5AF94005021F1 /* Frameworks */ = {
			isa = PBXFrameworksBuildPhase;
			buildActionMask = 2147483647;
			files = (
				96DA7891BE328C4C7E364B59 /* Pods_positive.framework in Frameworks */,
			);
			runOnlyForDeploymentPostprocessing = 0;
		};
		16D281981FB5AF94005021F1 /* Frameworks */ = {
			isa = PBXFrameworksBuildPhase;
			buildActionMask = 2147483647;
			files = (
			);
			runOnlyForDeploymentPostprocessing = 0;
		};
		16D281A31FB5AF94005021F1 /* Frameworks */ = {
			isa = PBXFrameworksBuildPhase;
			buildActionMask = 2147483647;
			files = (
			);
			runOnlyForDeploymentPostprocessing = 0;
		};
/* End PBXFrameworksBuildPhase section */

/* Begin PBXGroup section */
		16D2817E1FB5AF94005021F1 = {
			isa = PBXGroup;
			children = (
				165E693D2012013C00ACF729 /* Diary.swift */,
				16D281891FB5AF94005021F1 /* positive */,
				16D2819E1FB5AF94005021F1 /* positiveTests */,
				16D281A91FB5AF94005021F1 /* positiveUITests */,
				16D281881FB5AF94005021F1 /* Products */,
				A2894E715F1E9286FE44F5D7 /* Pods */,
				28C12741E84934F5512D8A48 /* Frameworks */,
			);
			sourceTree = "<group>";
		};
		16D281881FB5AF94005021F1 /* Products */ = {
			isa = PBXGroup;
			children = (
				16D281871FB5AF94005021F1 /* positive.app */,
				16D2819B1FB5AF94005021F1 /* positiveTests.xctest */,
				16D281A61FB5AF94005021F1 /* positiveUITests.xctest */,
			);
			name = Products;
			sourceTree = "<group>";
		};
		16D281891FB5AF94005021F1 /* positive */ = {
			isa = PBXGroup;
			children = (
				16D2818A1FB5AF94005021F1 /* AppDelegate.swift */,
				16D2818C1FB5AF94005021F1 /* ViewController.swift */,
				16D281B81FB5C12D005021F1 /* KakitomeruViewController.swift */,
				160CDF761FE3DCF30085C334 /* FurikaeruViewController.swift */,
				16D2818E1FB5AF94005021F1 /* Main.storyboard */,
				16D281911FB5AF94005021F1 /* Assets.xcassets */,
				16D281931FB5AF94005021F1 /* LaunchScreen.storyboard */,
				16D281961FB5AF94005021F1 /* Info.plist */,
			);
			path = positive;
			sourceTree = "<group>";
		};
		16D2819E1FB5AF94005021F1 /* positiveTests */ = {
			isa = PBXGroup;
			children = (
				16D2819F1FB5AF94005021F1 /* positiveTests.swift */,
				16D281A11FB5AF94005021F1 /* Info.plist */,
			);
			path = positiveTests;
			sourceTree = "<group>";
		};
		16D281A91FB5AF94005021F1 /* positiveUITests */ = {
			isa = PBXGroup;
			children = (
				16D281AA1FB5AF94005021F1 /* positiveUITests.swift */,
				16D281AC1FB5AF94005021F1 /* Info.plist */,
			);
			path = positiveUITests;
			sourceTree = "<group>";
		};
		28C12741E84934F5512D8A48 /* Frameworks */ = {
			isa = PBXGroup;
			children = (
				3566D4AD21171DA2E269E3ED /* Pods_positive.framework */,
				FD53B73BE2FEDB4B23B93E7E /* Pods_positiveTests.framework */,
				914D53B152FF1834A3F291F4 /* Pods_positiveUITests.framework */,
			);
			name = Frameworks;
			sourceTree = "<group>";
		};
		A2894E715F1E9286FE44F5D7 /* Pods */ = {
			isa = PBXGroup;
			children = (
				A4BA7B9A111DABCD66BBE46E /* Pods-positive.debug.xcconfig */,
				5E51FA2230E7AB5FF62D720B /* Pods-positive.release.xcconfig */,
			);
			name = Pods;
			sourceTree = "<group>";
		};
/* End PBXGroup section */

/* Begin PBXNativeTarget section */
		16D281861FB5AF94005021F1 /* positive */ = {
			isa = PBXNativeTarget;
			buildConfigurationList = 16D281AF1FB5AF94005021F1 /* Build configuration list for PBXNativeTarget "positive" */;
			buildPhases = (
				1F465D104E1BA6074DBE978D /* [CP] Check Pods Manifest.lock */,
				16D281831FB5AF94005021F1 /* Sources */,
				16D281841FB5AF94005021F1 /* Frameworks */,
				16D281851FB5AF94005021F1 /* Resources */,
				C4470116D8B030CEB500ACB1 /* [CP] Embed Pods Frameworks */,
				E1A8A7C5444A224AE1027136 /* [CP] Copy Pods Resources */,
			);
			buildRules = (
			);
			dependencies = (
			);
			name = positive;
			productName = positive;
			productReference = 16D281871FB5AF94005021F1 /* positive.app */;
			productType = "com.apple.product-type.application";
		};
		16D2819A1FB5AF94005021F1 /* positiveTests */ = {
			isa = PBXNativeTarget;
			buildConfigurationList = 16D281B21FB5AF94005021F1 /* Build configuration list for PBXNativeTarget "positiveTests" */;
			buildPhases = (
				16D281971FB5AF94005021F1 /* Sources */,
				16D281981FB5AF94005021F1 /* Frameworks */,
				16D281991FB5AF94005021F1 /* Resources */,
			);
			buildRules = (
			);
			dependencies = (
				16D2819D1FB5AF94005021F1 /* PBXTargetDependency */,
			);
			name = positiveTests;
			productName = positiveTests;
			productReference = 16D2819B1FB5AF94005021F1 /* positiveTests.xctest */;
			productType = "com.apple.product-type.bundle.unit-test";
		};
		16D281A51FB5AF94005021F1 /* positiveUITests */ = {
			isa = PBXNativeTarget;
			buildConfigurationList = 16D281B51FB5AF94005021F1 /* Build configuration list for PBXNativeTarget "positiveUITests" */;
			buildPhases = (
				16D281A21FB5AF94005021F1 /* Sources */,
				16D281A31FB5AF94005021F1 /* Frameworks */,
				16D281A41FB5AF94005021F1 /* Resources */,
			);
			buildRules = (
			);
			dependencies = (
				16D281A81FB5AF94005021F1 /* PBXTargetDependency */,
			);
			name = positiveUITests;
			productName = positiveUITests;
			productReference = 16D281A61FB5AF94005021F1 /* positiveUITests.xctest */;
			productType = "com.apple.product-type.bundle.ui-testing";
		};
/* End PBXNativeTarget section */

/* Begin PBXProject section */
		16D2817F1FB5AF94005021F1 /* Project object */ = {
			isa = PBXProject;
			attributes = {
				LastSwiftUpdateCheck = 0910;
				LastUpgradeCheck = 0910;
				ORGANIZATIONNAME = "Milou Tanaka";
				TargetAttributes = {
					16D281861FB5AF94005021F1 = {
						CreatedOnToolsVersion = 9.1;
						ProvisioningStyle = Automatic;
					};
					16D2819A1FB5AF94005021F1 = {
						CreatedOnToolsVersion = 9.1;
						ProvisioningStyle = Automatic;
						TestTargetID = 16D281861FB5AF94005021F1;
					};
					16D281A51FB5AF94005021F1 = {
						CreatedOnToolsVersion = 9.1;
						ProvisioningStyle = Automatic;
						TestTargetID = 16D281861FB5AF94005021F1;
					};
				};
			};
			buildConfigurationList = 16D281821FB5AF94005021F1 /* Build configuration list for PBXProject "Positive" */;
			compatibilityVersion = "Xcode 8.0";
			developmentRegion = en;
			hasScannedForEncodings = 0;
			knownRegions = (
				en,
				Base,
			);
			mainGroup = 16D2817E1FB5AF94005021F1;
			productRefGroup = 16D281881FB5AF94005021F1 /* Products */;
			projectDirPath = "";
			projectRoot = "";
			targets = (
				16D281861FB5AF94005021F1 /* positive */,
				16D2819A1FB5AF94005021F1 /* positiveTests */,
				16D281A51FB5AF94005021F1 /* positiveUITests */,
			);
		};
/* End PBXProject section */

/* Begin PBXResourcesBuildPhase section */
		16D281851FB5AF94005021F1 /* Resources */ = {
			isa = PBXResourcesBuildPhase;
			buildActionMask = 2147483647;
			files = (
				16D281951FB5AF94005021F1 /* LaunchScreen.storyboard in Resources */,
				16D281921FB5AF94005021F1 /* Assets.xcassets in Resources */,
				16D281901FB5AF94005021F1 /* Main.storyboard in Resources */,
			);
			runOnlyForDeploymentPostprocessing = 0;
		};
		16D281991FB5AF94005021F1 /* Resources */ = {
			isa = PBXResourcesBuildPhase;
			buildActionMask = 2147483647;
			files = (
			);
			runOnlyForDeploymentPostprocessing = 0;
		};
		16D281A41FB5AF94005021F1 /* Resources */ = {
			isa = PBXResourcesBuildPhase;
			buildActionMask = 2147483647;
			files = (
			);
			runOnlyForDeploymentPostprocessing = 0;
		};
/* End PBXResourcesBuildPhase section */

/* Begin PBXShellScriptBuildPhase section */
		1F465D104E1BA6074DBE978D /* [CP] Check Pods Manifest.lock */ = {
			isa = PBXShellScriptBuildPhase;
			buildActionMask = 2147483647;
			files = (
			);
			inputPaths = (
				"${PODS_PODFILE_DIR_PATH}/Podfile.lock",
				"${PODS_ROOT}/Manifest.lock",
			);
			name = "[CP] Check Pods Manifest.lock";
			outputPaths = (
				"$(DERIVED_FILE_DIR)/Pods-positive-checkManifestLockResult.txt",
			);
			runOnlyForDeploymentPostprocessing = 0;
			shellPath = /bin/sh;
			shellScript = "diff \"${PODS_PODFILE_DIR_PATH}/Podfile.lock\" \"${PODS_ROOT}/Manifest.lock\" > /dev/null\nif [ $? != 0 ] ; then\n    # print error to STDERR\n    echo \"error: The sandbox is not in sync with the Podfile.lock. Run 'pod install' or update your CocoaPods installation.\" >&2\n    exit 1\nfi\n# This output is used by Xcode 'outputs' to avoid re-running this script phase.\necho \"SUCCESS\" > \"${SCRIPT_OUTPUT_FILE_0}\"\n";
			showEnvVarsInLog = 0;
		};
		C4470116D8B030CEB500ACB1 /* [CP] Embed Pods Frameworks */ = {
			isa = PBXShellScriptBuildPhase;
			buildActionMask = 2147483647;
			files = (
			);
			inputPaths = (
				"${SRCROOT}/Pods/Target Support Files/Pods-positive/Pods-positive-frameworks.sh",
				"${BUILT_PRODUCTS_DIR}/JBDatePicker/JBDatePicker.framework",
				"${BUILT_PRODUCTS_DIR}/Realm/Realm.framework",
				"${BUILT_PRODUCTS_DIR}/RealmSwift/RealmSwift.framework",
			);
			name = "[CP] Embed Pods Frameworks";
			outputPaths = (
				"${TARGET_BUILD_DIR}/${FRAMEWORKS_FOLDER_PATH}/JBDatePicker.framework",
				"${TARGET_BUILD_DIR}/${FRAMEWORKS_FOLDER_PATH}/Realm.framework",
				"${TARGET_BUILD_DIR}/${FRAMEWORKS_FOLDER_PATH}/RealmSwift.framework",
			);
			runOnlyForDeploymentPostprocessing = 0;
			shellPath = /bin/sh;
			shellScript = "\"${SRCROOT}/Pods/Target Support Files/Pods-positive/Pods-positive-frameworks.sh\"\n";
			showEnvVarsInLog = 0;
		};
		E1A8A7C5444A224AE1027136 /* [CP] Copy Pods Resources */ = {
			isa = PBXShellScriptBuildPhase;
			buildActionMask = 2147483647;
			files = (
			);
			inputPaths = (
			);
			name = "[CP] Copy Pods Resources";
			outputPaths = (
			);
			runOnlyForDeploymentPostprocessing = 0;
			shellPath = /bin/sh;
			shellScript = "\"${SRCROOT}/Pods/Target Support Files/Pods-positive/Pods-positive-resources.sh\"\n";
			showEnvVarsInLog = 0;
		};
/* End PBXShellScriptBuildPhase section */

/* Begin PBXSourcesBuildPhase section */
		16D281831FB5AF94005021F1 /* Sources */ = {
			isa = PBXSourcesBuildPhase;
			buildActionMask = 2147483647;
			files = (
				16D2818D1FB5AF94005021F1 /* ViewController.swift in Sources */,
				165E693E2012013C00ACF729 /* Diary.swift in Sources */,
				160CDF771FE3DCF30085C334 /* FurikaeruViewController.swift in Sources */,
				16D2818B1FB5AF94005021F1 /* AppDelegate.swift in Sources */,
				16D281B91FB5C12D005021F1 /* KakitomeruViewController.swift in Sources */,
			);
			runOnlyForDeploymentPostprocessing = 0;
		};
		16D281971FB5AF94005021F1 /* Sources */ = {
			isa = PBXSourcesBuildPhase;
			buildActionMask = 2147483647;
			files = (
				16D281A01FB5AF94005021F1 /* positiveTests.swift in Sources */,
			);
			runOnlyForDeploymentPostprocessing = 0;
		};
		16D281A21FB5AF94005021F1 /* Sources */ = {
			isa = PBXSourcesBuildPhase;
			buildActionMask = 2147483647;
			files = (
				16D281AB1FB5AF94005021F1 /* positiveUITests.swift in Sources */,
			);
			runOnlyForDeploymentPostprocessing = 0;
		};
/* End PBXSourcesBuildPhase section */

/* Begin PBXTargetDependency section */
		16D2819D1FB5AF94005021F1 /* PBXTargetDependency */ = {
			isa = PBXTargetDependency;
			target = 16D281861FB5AF94005021F1 /* positive */;
			targetProxy = 16D2819C1FB5AF94005021F1 /* PBXContainerItemProxy */;
		};
		16D281A81FB5AF94005021F1 /* PBXTargetDependency */ = {
			isa = PBXTargetDependency;
			target = 16D281861FB5AF94005021F1 /* positive */;
			targetProxy = 16D281A71FB5AF94005021F1 /* PBXContainerItemProxy */;
		};
/* End PBXTargetDependency section */

/* Begin PBXVariantGroup section */
		16D2818E1FB5AF94005021F1 /* Main.storyboard */ = {
			isa = PBXVariantGroup;
			children = (
				16D2818F1FB5AF94005021F1 /* Base */,
			);
			name = Main.storyboard;
			sourceTree = "<group>";
		};
		16D281931FB5AF94005021F1 /* LaunchScreen.storyboard */ = {
			isa = PBXVariantGroup;
			children = (
				16D281941FB5AF94005021F1 /* Base */,
			);
			name = LaunchScreen.storyboard;
			sourceTree = "<group>";
		};
/* End PBXVariantGroup section */

/* Begin XCBuildConfiguration section */
		16D281AD1FB5AF94005021F1 /* Debug */ = {
			isa = XCBuildConfiguration;
			buildSettings = {
				ALWAYS_SEARCH_USER_PATHS = NO;
				CLANG_ANALYZER_NONNULL = YES;
				CLANG_ANALYZER_NUMBER_OBJECT_CONVERSION = YES_AGGRESSIVE;
				CLANG_CXX_LANGUAGE_STANDARD = "gnu++14";
				CLANG_CXX_LIBRARY = "libc++";
				CLANG_ENABLE_MODULES = YES;
				CLANG_ENABLE_OBJC_ARC = YES;
				CLANG_WARN_BLOCK_CAPTURE_AUTORELEASING = YES;
				CLANG_WARN_BOOL_CONVERSION = YES;
				CLANG_WARN_COMMA = YES;
				CLANG_WARN_CONSTANT_CONVERSION = YES;
				CLANG_WARN_DIRECT_OBJC_ISA_USAGE = YES_ERROR;
				CLANG_WARN_DOCUMENTATION_COMMENTS = YES;
				CLANG_WARN_EMPTY_BODY = YES;
				CLANG_WARN_ENUM_CONVERSION = YES;
				CLANG_WARN_INFINITE_RECURSION = YES;
				CLANG_WARN_INT_CONVERSION = YES;
				CLANG_WARN_NON_LITERAL_NULL_CONVERSION = YES;
				CLANG_WARN_OBJC_LITERAL_CONVERSION = YES;
				CLANG_WARN_OBJC_ROOT_CLASS = YES_ERROR;
				CLANG_WARN_RANGE_LOOP_ANALYSIS = YES;
				CLANG_WARN_STRICT_PROTOTYPES = YES;
				CLANG_WARN_SUSPICIOUS_MOVE = YES;
				CLANG_WARN_UNGUARDED_AVAILABILITY = YES_AGGRESSIVE;
				CLANG_WARN_UNREACHABLE_CODE = YES;
				CLANG_WARN__DUPLICATE_METHOD_MATCH = YES;
				CODE_SIGN_IDENTITY = "iPhone Developer";
				COPY_PHASE_STRIP = NO;
				DEBUG_INFORMATION_FORMAT = dwarf;
				ENABLE_STRICT_OBJC_MSGSEND = YES;
				ENABLE_TESTABILITY = YES;
				GCC_C_LANGUAGE_STANDARD = gnu11;
				GCC_DYNAMIC_NO_PIC = NO;
				GCC_NO_COMMON_BLOCKS = YES;
				GCC_OPTIMIZATION_LEVEL = 0;
				GCC_PREPROCESSOR_DEFINITIONS = (
					"DEBUG=1",
					"$(inherited)",
				);
				GCC_WARN_64_TO_32_BIT_CONVERSION = YES;
				GCC_WARN_ABOUT_RETURN_TYPE = YES_ERROR;
				GCC_WARN_UNDECLARED_SELECTOR = YES;
				GCC_WARN_UNINITIALIZED_AUTOS = YES_AGGRESSIVE;
				GCC_WARN_UNUSED_FUNCTION = YES;
				GCC_WARN_UNUSED_VARIABLE = YES;
				IPHONEOS_DEPLOYMENT_TARGET = 11.1;
				MTL_ENABLE_DEBUG_INFO = YES;
				ONLY_ACTIVE_ARCH = YES;
				SDKROOT = iphoneos;
				SWIFT_ACTIVE_COMPILATION_CONDITIONS = DEBUG;
				SWIFT_OPTIMIZATION_LEVEL = "-Onone";
			};
			name = Debug;
		};
		16D281AE1FB5AF94005021F1 /* Release */ = {
			isa = XCBuildConfiguration;
			buildSettings = {
				ALWAYS_SEARCH_USER_PATHS = NO;
				CLANG_ANALYZER_NONNULL = YES;
				CLANG_ANALYZER_NUMBER_OBJECT_CONVERSION = YES_AGGRESSIVE;
				CLANG_CXX_LANGUAGE_STANDARD = "gnu++14";
				CLANG_CXX_LIBRARY = "libc++";
				CLANG_ENABLE_MODULES = YES;
				CLANG_ENABLE_OBJC_ARC = YES;
				CLANG_WARN_BLOCK_CAPTURE_AUTORELEASING = YES;
				CLANG_WARN_BOOL_CONVERSION = YES;
				CLANG_WARN_COMMA = YES;
				CLANG_WARN_CONSTANT_CONVERSION = YES;
				CLANG_WARN_DIRECT_OBJC_ISA_USAGE = YES_ERROR;
				CLANG_WARN_DOCUMENTATION_COMMENTS = YES;
				CLANG_WARN_EMPTY_BODY = YES;
				CLANG_WARN_ENUM_CONVERSION = YES;
				CLANG_WARN_INFINITE_RECURSION = YES;
				CLANG_WARN_INT_CONVERSION = YES;
				CLANG_WARN_NON_LITERAL_NULL_CONVERSION = YES;
				CLANG_WARN_OBJC_LITERAL_CONVERSION = YES;
				CLANG_WARN_OBJC_ROOT_CLASS = YES_ERROR;
				CLANG_WARN_RANGE_LOOP_ANALYSIS = YES;
				CLANG_WARN_STRICT_PROTOTYPES = YES;
				CLANG_WARN_SUSPICIOUS_MOVE = YES;
				CLANG_WARN_UNGUARDED_AVAILABILITY = YES_AGGRESSIVE;
				CLANG_WARN_UNREACHABLE_CODE = YES;
				CLANG_WARN__DUPLICATE_METHOD_MATCH = YES;
				CODE_SIGN_IDENTITY = "iPhone Developer";
				COPY_PHASE_STRIP = NO;
				DEBUG_INFORMATION_FORMAT = "dwarf-with-dsym";
				ENABLE_NS_ASSERTIONS = NO;
				ENABLE_STRICT_OBJC_MSGSEND = YES;
				GCC_C_LANGUAGE_STANDARD = gnu11;
				GCC_NO_COMMON_BLOCKS = YES;
				GCC_WARN_64_TO_32_BIT_CONVERSION = YES;
				GCC_WARN_ABOUT_RETURN_TYPE = YES_ERROR;
				GCC_WARN_UNDECLARED_SELECTOR = YES;
				GCC_WARN_UNINITIALIZED_AUTOS = YES_AGGRESSIVE;
				GCC_WARN_UNUSED_FUNCTION = YES;
				GCC_WARN_UNUSED_VARIABLE = YES;
				IPHONEOS_DEPLOYMENT_TARGET = 11.1;
				MTL_ENABLE_DEBUG_INFO = NO;
				SDKROOT = iphoneos;
				SWIFT_OPTIMIZATION_LEVEL = "-Owholemodule";
				VALIDATE_PRODUCT = YES;
			};
			name = Release;
		};
		16D281B01FB5AF94005021F1 /* Debug */ = {
			isa = XCBuildConfiguration;
			baseConfigurationReference = A4BA7B9A111DABCD66BBE46E /* Pods-positive.debug.xcconfig */;
			buildSettings = {
				ASSETCATALOG_COMPILER_APPICON_NAME = AppIcon;
				CODE_SIGN_STYLE = Automatic;
				INFOPLIST_FILE = positive/Info.plist;
				LD_RUNPATH_SEARCH_PATHS = "$(inherited) @executable_path/Frameworks";
				PRODUCT_BUNDLE_IDENTIFIER = com.milou.positive;
				PRODUCT_NAME = "$(TARGET_NAME)";
				SWIFT_VERSION = 4.0;
				TARGETED_DEVICE_FAMILY = "1,2";
			};
			name = Debug;
		};
		16D281B11FB5AF94005021F1 /* Release */ = {
			isa = XCBuildConfiguration;
			baseConfigurationReference = 5E51FA2230E7AB5FF62D720B /* Pods-positive.release.xcconfig */;
			buildSettings = {
				ASSETCATALOG_COMPILER_APPICON_NAME = AppIcon;
				CODE_SIGN_STYLE = Automatic;
				INFOPLIST_FILE = positive/Info.plist;
				LD_RUNPATH_SEARCH_PATHS = "$(inherited) @executable_path/Frameworks";
				PRODUCT_BUNDLE_IDENTIFIER = com.milou.positive;
				PRODUCT_NAME = "$(TARGET_NAME)";
				SWIFT_VERSION = 4.0;
				TARGETED_DEVICE_FAMILY = "1,2";
			};
			name = Release;
		};
		16D281B31FB5AF94005021F1 /* Debug */ = {
			isa = XCBuildConfiguration;
			buildSettings = {
				ALWAYS_EMBED_SWIFT_STANDARD_LIBRARIES = YES;
				BUNDLE_LOADER = "$(TEST_HOST)";
				CODE_SIGN_STYLE = Automatic;
				INFOPLIST_FILE = positiveTests/Info.plist;
				LD_RUNPATH_SEARCH_PATHS = "$(inherited) @executable_path/Frameworks @loader_path/Frameworks";
				PRODUCT_BUNDLE_IDENTIFIER = com.milou.positiveTests;
				PRODUCT_NAME = "$(TARGET_NAME)";
				SWIFT_VERSION = 4.0;
				TARGETED_DEVICE_FAMILY = "1,2";
				TEST_HOST = "$(BUILT_PRODUCTS_DIR)/positive.app/positive";
			};
			name = Debug;
		};
		16D281B41FB5AF94005021F1 /* Release */ = {
			isa = XCBuildConfiguration;
			buildSettings = {
				ALWAYS_EMBED_SWIFT_STANDARD_LIBRARIES = YES;
				BUNDLE_LOADER = "$(TEST_HOST)";
				CODE_SIGN_STYLE = Automatic;
				INFOPLIST_FILE = positiveTests/Info.plist;
				LD_RUNPATH_SEARCH_PATHS = "$(inherited) @executable_path/Frameworks @loader_path/Frameworks";
				PRODUCT_BUNDLE_IDENTIFIER = com.milou.positiveTests;
				PRODUCT_NAME = "$(TARGET_NAME)";
				SWIFT_VERSION = 4.0;
				TARGETED_DEVICE_FAMILY = "1,2";
				TEST_HOST = "$(BUILT_PRODUCTS_DIR)/positive.app/positive";
			};
			name = Release;
		};
		16D281B61FB5AF94005021F1 /* Debug */ = {
			isa = XCBuildConfiguration;
			buildSettings = {
				ALWAYS_EMBED_SWIFT_STANDARD_LIBRARIES = YES;
				CODE_SIGN_STYLE = Automatic;
				INFOPLIST_FILE = positiveUITests/Info.plist;
				LD_RUNPATH_SEARCH_PATHS = "$(inherited) @executable_path/Frameworks @loader_path/Frameworks";
				PRODUCT_BUNDLE_IDENTIFIER = com.milou.positiveUITests;
				PRODUCT_NAME = "$(TARGET_NAME)";
				SWIFT_VERSION = 4.0;
				TARGETED_DEVICE_FAMILY = "1,2";
				TEST_TARGET_NAME = positive;
			};
			name = Debug;
		};
		16D281B71FB5AF94005021F1 /* Release */ = {
			isa = XCBuildConfiguration;
			buildSettings = {
				ALWAYS_EMBED_SWIFT_STANDARD_LIBRARIES = YES;
				CODE_SIGN_STYLE = Automatic;
				INFOPLIST_FILE = positiveUITests/Info.plist;
				LD_RUNPATH_SEARCH_PATHS = "$(inherited) @executable_path/Frameworks @loader_path/Frameworks";
				PRODUCT_BUNDLE_IDENTIFIER = com.milou.positiveUITests;
				PRODUCT_NAME = "$(TARGET_NAME)";
				SWIFT_VERSION = 4.0;
				TARGETED_DEVICE_FAMILY = "1,2";
				TEST_TARGET_NAME = positive;
			};
			name = Release;
		};
/* End XCBuildConfiguration section */

/* Begin XCConfigurationList section */
		16D281821FB5AF94005021F1 /* Build configuration list for PBXProject "Positive" */ = {
			isa = XCConfigurationList;
			buildConfigurations = (
				16D281AD1FB5AF94005021F1 /* Debug */,
				16D281AE1FB5AF94005021F1 /* Release */,
			);
			defaultConfigurationIsVisible = 0;
			defaultConfigurationName = Release;
		};
		16D281AF1FB5AF94005021F1 /* Build configuration list for PBXNativeTarget "positive" */ = {
			isa = XCConfigurationList;
			buildConfigurations = (
				16D281B01FB5AF94005021F1 /* Debug */,
				16D281B11FB5AF94005021F1 /* Release */,
			);
			defaultConfigurationIsVisible = 0;
			defaultConfigurationName = Release;
		};
		16D281B21FB5AF94005021F1 /* Build configuration list for PBXNativeTarget "positiveTests" */ = {
			isa = XCConfigurationList;
			buildConfigurations = (
				16D281B31FB5AF94005021F1 /* Debug */,
				16D281B41FB5AF94005021F1 /* Release */,
			);
			defaultConfigurationIsVisible = 0;
			defaultConfigurationName = Release;
		};
		16D281B51FB5AF94005021F1 /* Build configuration list for PBXNativeTarget "positiveUITests" */ = {
			isa = XCConfigurationList;
			buildConfigurations = (
				16D281B61FB5AF94005021F1 /* Debug */,
				16D281B71FB5AF94005021F1 /* Release */,
			);
			defaultConfigurationIsVisible = 0;
			defaultConfigurationName = Release;
		};
/* End XCConfigurationList section */
	};
	rootObject = 16D2817F1FB5AF94005021F1 /* Project object */;
}
